// !$*UTF8*$!
{
	archiveVersion = 1;
	classes = {
	};
	objectVersion = 50;
	objects = {

/* Begin PBXBuildFile section */
		8741B3B2227307F500C0D59E /* AppDelegate.m in Sources */ = {isa = PBXBuildFile; fileRef = 8741B3B1227307F500C0D59E /* AppDelegate.m */; };
		8741B3B5227307F500C0D59E /* ViewController.m in Sources */ = {isa = PBXBuildFile; fileRef = 8741B3B4227307F500C0D59E /* ViewController.m */; };
		8741B3B8227307F500C0D59E /* Main.storyboard in Resources */ = {isa = PBXBuildFile; fileRef = 8741B3B6227307F500C0D59E /* Main.storyboard */; };
		8741B3BA227307F600C0D59E /* Assets.xcassets in Resources */ = {isa = PBXBuildFile; fileRef = 8741B3B9227307F600C0D59E /* Assets.xcassets */; };
		8741B3BD227307F600C0D59E /* LaunchScreen.storyboard in Resources */ = {isa = PBXBuildFile; fileRef = 8741B3BB227307F600C0D59E /* LaunchScreen.storyboard */; };
		8741B3C0227307F600C0D59E /* main.m in Sources */ = {isa = PBXBuildFile; fileRef = 8741B3BF227307F600C0D59E /* main.m */; };
		8741B3CA227307F600C0D59E /* WebViewDemoTests.m in Sources */ = {isa = PBXBuildFile; fileRef = 8741B3C9227307F600C0D59E /* WebViewDemoTests.m */; };
		8741B3D5227307F600C0D59E /* WebViewDemoUITests.m in Sources */ = {isa = PBXBuildFile; fileRef = 8741B3D4227307F600C0D59E /* WebViewDemoUITests.m */; };
/* End PBXBuildFile section */

/* Begin PBXContainerItemProxy section */
		8741B3C6227307F600C0D59E /* PBXContainerItemProxy */ = {
			isa = PBXContainerItemProxy;
			containerPortal = 8741B3A5227307F400C0D59E /* Project object */;
			proxyType = 1;
			remoteGlobalIDString = 8741B3AC227307F400C0D59E;
			remoteInfo = WebViewDemo;
		};
		8741B3D1227307F600C0D59E /* PBXContainerItemProxy */ = {
			isa = PBXContainerItemProxy;
			containerPortal = 8741B3A5227307F400C0D59E /* Project object */;
			proxyType = 1;
			remoteGlobalIDString = 8741B3AC227307F400C0D59E;
			remoteInfo = WebViewDemo;
		};
/* End PBXContainerItemProxy section */

/* Begin PBXFileReference section */
		8741B3AD227307F400C0D59E /* WebViewDemo.app */ = {isa = PBXFileReference; explicitFileType = wrapper.application; includeInIndex = 0; path = WebViewDemo.app; sourceTree = BUILT_PRODUCTS_DIR; };
		8741B3B0227307F500C0D59E /* AppDelegate.h */ = {isa = PBXFileReference; lastKnownFileType = sourcecode.c.h; path = AppDelegate.h; sourceTree = "<group>"; };
		8741B3B1227307F500C0D59E /* AppDelegate.m */ = {isa = PBXFileReference; lastKnownFileType = sourcecode.c.objc; path = AppDelegate.m; sourceTree = "<group>"; };
		8741B3B3227307F500C0D59E /* ViewController.h */ = {isa = PBXFileReference; lastKnownFileType = sourcecode.c.h; path = ViewController.h; sourceTree = "<group>"; };
		8741B3B4227307F500C0D59E /* ViewController.m */ = {isa = PBXFileReference; lastKnownFileType = sourcecode.c.objc; path = ViewController.m; sourceTree = "<group>"; };
		8741B3B7227307F500C0D59E /* Base */ = {isa = PBXFileReference; lastKnownFileType = file.storyboard; name = Base; path = Base.lproj/Main.storyboard; sourceTree = "<group>"; };
		8741B3B9227307F600C0D59E /* Assets.xcassets */ = {isa = PBXFileReference; lastKnownFileType = folder.assetcatalog; path = Assets.xcassets; sourceTree = "<group>"; };
		8741B3BC227307F600C0D59E /* Base */ = {isa = PBXFileReference; lastKnownFileType = file.storyboard; name = Base; path = Base.lproj/LaunchScreen.storyboard; sourceTree = "<group>"; };
		8741B3BE227307F600C0D59E /* Info.plist */ = {isa = PBXFileReference; lastKnownFileType = text.plist.xml; path = Info.plist; sourceTree = "<group>"; };
		8741B3BF227307F600C0D59E /* main.m */ = {isa = PBXFileReference; lastKnownFileType = sourcecode.c.objc; path = main.m; sourceTree = "<group>"; };
		8741B3C5227307F600C0D59E /* WebViewDemoTests.xctest */ = {isa = PBXFileReference; explicitFileType = wrapper.cfbundle; includeInIndex = 0; path = WebViewDemoTests.xctest; sourceTree = BUILT_PRODUCTS_DIR; };
		8741B3C9227307F600C0D59E /* WebViewDemoTests.m */ = {isa = PBXFileReference; lastKnownFileType = sourcecode.c.objc; path = WebViewDemoTests.m; sourceTree = "<group>"; };
		8741B3CB227307F600C0D59E /* Info.plist */ = {isa = PBXFileReference; lastKnownFileType = text.plist.xml; path = Info.plist; sourceTree = "<group>"; };
		8741B3D0227307F600C0D59E /* WebViewDemoUITests.xctest */ = {isa = PBXFileReference; explicitFileType = wrapper.cfbundle; includeInIndex = 0; path = WebViewDemoUITests.xctest; sourceTree = BUILT_PRODUCTS_DIR; };
		8741B3D4227307F600C0D59E /* WebViewDemoUITests.m */ = {isa = PBXFileReference; lastKnownFileType = sourcecode.c.objc; path = WebViewDemoUITests.m; sourceTree = "<group>"; };
		8741B3D6227307F600C0D59E /* Info.plist */ = {isa = PBXFileReference; lastKnownFileType = text.plist.xml; path = Info.plist; sourceTree = "<group>"; };
/* End PBXFileReference section */

/* Begin PBXFrameworksBuildPhase section */
		8741B3AA227307F400C0D59E /* Frameworks */ = {
			isa = PBXFrameworksBuildPhase;
			buildActionMask = 2147483647;
			files = (
			);
			runOnlyForDeploymentPostprocessing = 0;
		};
		8741B3C2227307F600C0D59E /* Frameworks */ = {
			isa = PBXFrameworksBuildPhase;
			buildActionMask = 2147483647;
			files = (
			);
			runOnlyForDeploymentPostprocessing = 0;
		};
		8741B3CD227307F600C0D59E /* Frameworks */ = {
			isa = PBXFrameworksBuildPhase;
			buildActionMask = 2147483647;
			files = (
			);
			runOnlyForDeploymentPostprocessing = 0;
		};
/* End PBXFrameworksBuildPhase section */

/* Begin PBXGroup section */
		8741B3A4227307F400C0D59E = {
			isa = PBXGroup;
			children = (
				8741B3AF227307F400C0D59E /* WebViewDemo */,
				8741B3C8227307F600C0D59E /* WebViewDemoTests */,
				8741B3D3227307F600C0D59E /* WebViewDemoUITests */,
				8741B3AE227307F400C0D59E /* Products */,
			);
			sourceTree = "<group>";
		};
		8741B3AE227307F400C0D59E /* Products */ = {
			isa = PBXGroup;
			children = (
				8741B3AD227307F400C0D59E /* WebViewDemo.app */,
				8741B3C5227307F600C0D59E /* WebViewDemoTests.xctest */,
				8741B3D0227307F600C0D59E /* WebViewDemoUITests.xctest */,
			);
			name = Products;
			sourceTree = "<group>";
		};
		8741B3AF227307F400C0D59E /* WebViewDemo */ = {
			isa = PBXGroup;
			children = (
				8741B3B0227307F500C0D59E /* AppDelegate.h */,
				8741B3B1227307F500C0D59E /* AppDelegate.m */,
				8741B3B3227307F500C0D59E /* ViewController.h */,
				8741B3B4227307F500C0D59E /* ViewController.m */,
				8741B3B6227307F500C0D59E /* Main.storyboard */,
				8741B3B9227307F600C0D59E /* Assets.xcassets */,
				8741B3BB227307F600C0D59E /* LaunchScreen.storyboard */,
				8741B3BE227307F600C0D59E /* Info.plist */,
				8741B3BF227307F600C0D59E /* main.m */,
			);
			path = WebViewDemo;
			sourceTree = "<group>";
		};
		8741B3C8227307F600C0D59E /* WebViewDemoTests */ = {
			isa = PBXGroup;
			children = (
				8741B3C9227307F600C0D59E /* WebViewDemoTests.m */,
				8741B3CB227307F600C0D59E /* Info.plist */,
			);
			path = WebViewDemoTests;
			sourceTree = "<group>";
		};
		8741B3D3227307F600C0D59E /* WebViewDemoUITests */ = {
			isa = PBXGroup;
			children = (
				8741B3D4227307F600C0D59E /* WebViewDemoUITests.m */,
				8741B3D6227307F600C0D59E /* Info.plist */,
			);
			path = WebViewDemoUITests;
			sourceTree = "<group>";
		};
/* End PBXGroup section */

/* Begin PBXNativeTarget section */
		8741B3AC227307F400C0D59E /* WebViewDemo */ = {
			isa = PBXNativeTarget;
			buildConfigurationList = 8741B3D9227307F600C0D59E /* Build configuration list for PBXNativeTarget "WebViewDemo" */;
			buildPhases = (
				8741B3A9227307F400C0D59E /* Sources */,
				8741B3AA227307F400C0D59E /* Frameworks */,
				8741B3AB227307F400C0D59E /* Resources */,
			);
			buildRules = (
			);
			dependencies = (
			);
			name = WebViewDemo;
			productName = WebViewDemo;
			productReference = 8741B3AD227307F400C0D59E /* WebViewDemo.app */;
			productType = "com.apple.product-type.application";
		};
		8741B3C4227307F600C0D59E /* WebViewDemoTests */ = {
			isa = PBXNativeTarget;
			buildConfigurationList = 8741B3DC227307F600C0D59E /* Build configuration list for PBXNativeTarget "WebViewDemoTests" */;
			buildPhases = (
				8741B3C1227307F600C0D59E /* Sources */,
				8741B3C2227307F600C0D59E /* Frameworks */,
				8741B3C3227307F600C0D59E /* Resources */,
			);
			buildRules = (
			);
			dependencies = (
				8741B3C7227307F600C0D59E /* PBXTargetDependency */,
			);
			name = WebViewDemoTests;
			productName = WebViewDemoTests;
			productReference = 8741B3C5227307F600C0D59E /* WebViewDemoTests.xctest */;
			productType = "com.apple.product-type.bundle.unit-test";
		};
		8741B3CF227307F600C0D59E /* WebViewDemoUITests */ = {
			isa = PBXNativeTarget;
			buildConfigurationList = 8741B3DF227307F600C0D59E /* Build configuration list for PBXNativeTarget "WebViewDemoUITests" */;
			buildPhases = (
				8741B3CC227307F600C0D59E /* Sources */,
				8741B3CD227307F600C0D59E /* Frameworks */,
				8741B3CE227307F600C0D59E /* Resources */,
			);
			buildRules = (
			);
			dependencies = (
				8741B3D2227307F600C0D59E /* PBXTargetDependency */,
			);
			name = WebViewDemoUITests;
			productName = WebViewDemoUITests;
			productReference = 8741B3D0227307F600C0D59E /* WebViewDemoUITests.xctest */;
			productType = "com.apple.product-type.bundle.ui-testing";
		};
/* End PBXNativeTarget section */

/* Begin PBXProject section */
		8741B3A5227307F400C0D59E /* Project object */ = {
			isa = PBXProject;
			attributes = {
				LastUpgradeCheck = 1010;
				ORGANIZATIONNAME = "赵前";
				TargetAttributes = {
					8741B3AC227307F400C0D59E = {
						CreatedOnToolsVersion = 10.1;
					};
					8741B3C4227307F600C0D59E = {
						CreatedOnToolsVersion = 10.1;
						TestTargetID = 8741B3AC227307F400C0D59E;
					};
					8741B3CF227307F600C0D59E = {
						CreatedOnToolsVersion = 10.1;
						TestTargetID = 8741B3AC227307F400C0D59E;
					};
				};
			};
			buildConfigurationList = 8741B3A8227307F400C0D59E /* Build configuration list for PBXProject "WebViewDemo" */;
			compatibilityVersion = "Xcode 9.3";
			developmentRegion = en;
			hasScannedForEncodings = 0;
			knownRegions = (
				en,
				Base,
			);
			mainGroup = 8741B3A4227307F400C0D59E;
			productRefGroup = 8741B3AE227307F400C0D59E /* Products */;
			projectDirPath = "";
			projectRoot = "";
			targets = (
				8741B3AC227307F400C0D59E /* WebViewDemo */,
				8741B3C4227307F600C0D59E /* WebViewDemoTests */,
				8741B3CF227307F600C0D59E /* WebViewDemoUITests */,
			);
		};
/* End PBXProject section */

/* Begin PBXResourcesBuildPhase section */
		8741B3AB227307F400C0D59E /* Resources */ = {
			isa = PBXResourcesBuildPhase;
			buildActionMask = 2147483647;
			files = (
				8741B3BD227307F600C0D59E /* LaunchScreen.storyboard in Resources */,
				8741B3BA227307F600C0D59E /* Assets.xcassets in Resources */,
				8741B3B8227307F500C0D59E /* Main.storyboard in Resources */,
			);
			runOnlyForDeploymentPostprocessing = 0;
		};
		8741B3C3227307F600C0D59E /* Resources */ = {
			isa = PBXResourcesBuildPhase;
			buildActionMask = 2147483647;
			files = (
			);
			runOnlyForDeploymentPostprocessing = 0;
		};
		8741B3CE227307F600C0D59E /* Resources */ = {
			isa = PBXResourcesBuildPhase;
			buildActionMask = 2147483647;
			files = (
			);
			runOnlyForDeploymentPostprocessing = 0;
		};
/* End PBXResourcesBuildPhase section */

/* Begin PBXSourcesBuildPhase section */
		8741B3A9227307F400C0D59E /* Sources */ = {
			isa = PBXSourcesBuildPhase;
			buildActionMask = 2147483647;
			files = (
				8741B3B5227307F500C0D59E /* ViewController.m in Sources */,
				8741B3C0227307F600C0D59E /* main.m in Sources */,
				8741B3B2227307F500C0D59E /* AppDelegate.m in Sources */,
			);
			runOnlyForDeploymentPostprocessing = 0;
		};
		8741B3C1227307F600C0D59E /* Sources */ = {
			isa = PBXSourcesBuildPhase;
			buildActionMask = 2147483647;
			files = (
				8741B3CA227307F600C0D59E /* WebViewDemoTests.m in Sources */,
			);
			runOnlyForDeploymentPostprocessing = 0;
		};
		8741B3CC227307F600C0D59E /* Sources */ = {
			isa = PBXSourcesBuildPhase;
			buildActionMask = 2147483647;
			files = (
				8741B3D5227307F600C0D59E /* WebViewDemoUITests.m in Sources */,
			);
			runOnlyForDeploymentPostprocessing = 0;
		};
/* End PBXSourcesBuildPhase section */

/* Begin PBXTargetDependency section */
		8741B3C7227307F600C0D59E /* PBXTargetDependency */ = {
			isa = PBXTargetDependency;
			target = 8741B3AC227307F400C0D59E /* WebViewDemo */;
			targetProxy = 8741B3C6227307F600C0D59E /* PBXContainerItemProxy */;
		};
		8741B3D2227307F600C0D59E /* PBXTargetDependency */ = {
			isa = PBXTargetDependency;
			target = 8741B3AC227307F400C0D59E /* WebViewDemo */;
			targetProxy = 8741B3D1227307F600C0D59E /* PBXContainerItemProxy */;
		};
/* End PBXTargetDependency section */

/* Begin PBXVariantGroup section */
		8741B3B6227307F500C0D59E /* Main.storyboard */ = {
			isa = PBXVariantGroup;
			children = (
				8741B3B7227307F500C0D59E /* Base */,
			);
			name = Main.storyboard;
			sourceTree = "<group>";
		};
		8741B3BB227307F600C0D59E /* LaunchScreen.storyboard */ = {
			isa = PBXVariantGroup;
			children = (
				8741B3BC227307F600C0D59E /* Base */,
			);
			name = LaunchScreen.storyboard;
			sourceTree = "<group>";
		};
/* End PBXVariantGroup section */

/* Begin XCBuildConfiguration section */
		8741B3D7227307F600C0D59E /* Debug */ = {
			isa = XCBuildConfiguration;
			buildSettings = {
				ALWAYS_SEARCH_USER_PATHS = NO;
				CLANG_ANALYZER_NONNULL = YES;
				CLANG_ANALYZER_NUMBER_OBJECT_CONVERSION = YES_AGGRESSIVE;
				CLANG_CXX_LANGUAGE_STANDARD = "gnu++14";
				CLANG_CXX_LIBRARY = "libc++";
				CLANG_ENABLE_MODULES = YES;
				CLANG_ENABLE_OBJC_ARC = YES;
				CLANG_ENABLE_OBJC_WEAK = YES;
				CLANG_WARN_BLOCK_CAPTURE_AUTORELEASING = YES;
				CLANG_WARN_BOOL_CONVERSION = YES;
				CLANG_WARN_COMMA = YES;
				CLANG_WARN_CONSTANT_CONVERSION = YES;
				CLANG_WARN_DEPRECATED_OBJC_IMPLEMENTATIONS = YES;
				CLANG_WARN_DIRECT_OBJC_ISA_USAGE = YES_ERROR;
				CLANG_WARN_DOCUMENTATION_COMMENTS = YES;
				CLANG_WARN_EMPTY_BODY = YES;
				CLANG_WARN_ENUM_CONVERSION = YES;
				CLANG_WARN_INFINITE_RECURSION = YES;
				CLANG_WARN_INT_CONVERSION = YES;
				CLANG_WARN_NON_LITERAL_NULL_CONVERSION = YES;
				CLANG_WARN_OBJC_IMPLICIT_RETAIN_SELF = YES;
				CLANG_WARN_OBJC_LITERAL_CONVERSION = YES;
				CLANG_WARN_OBJC_ROOT_CLASS = YES_ERROR;
				CLANG_WARN_RANGE_LOOP_ANALYSIS = YES;
				CLANG_WARN_STRICT_PROTOTYPES = YES;
				CLANG_WARN_SUSPICIOUS_MOVE = YES;
				CLANG_WARN_UNGUARDED_AVAILABILITY = YES_AGGRESSIVE;
				CLANG_WARN_UNREACHABLE_CODE = YES;
				CLANG_WARN__DUPLICATE_METHOD_MATCH = YES;
				CODE_SIGN_IDENTITY = "iPhone Developer";
				COPY_PHASE_STRIP = NO;
				DEBUG_INFORMATION_FORMAT = dwarf;
				ENABLE_STRICT_OBJC_MSGSEND = YES;
				ENABLE_TESTABILITY = YES;
				GCC_C_LANGUAGE_STANDARD = gnu11;
				GCC_DYNAMIC_NO_PIC = NO;
				GCC_NO_COMMON_BLOCKS = YES;
				GCC_OPTIMIZATION_LEVEL = 0;
				GCC_PREPROCESSOR_DEFINITIONS = (
					"DEBUG=1",
					"$(inherited)",
				);
				GCC_WARN_64_TO_32_BIT_CONVERSION = YES;
				GCC_WARN_ABOUT_RETURN_TYPE = YES_ERROR;
				GCC_WARN_UNDECLARED_SELECTOR = YES;
				GCC_WARN_UNINITIALIZED_AUTOS = YES_AGGRESSIVE;
				GCC_WARN_UNUSED_FUNCTION = YES;
				GCC_WARN_UNUSED_VARIABLE = YES;
				IPHONEOS_DEPLOYMENT_TARGET = 12.1;
				MTL_ENABLE_DEBUG_INFO = INCLUDE_SOURCE;
				MTL_FAST_MATH = YES;
				ONLY_ACTIVE_ARCH = YES;
				SDKROOT = iphoneos;
			};
			name = Debug;
		};
		8741B3D8227307F600C0D59E /* Release */ = {
			isa = XCBuildConfiguration;
			buildSettings = {
				ALWAYS_SEARCH_USER_PATHS = NO;
				CLANG_ANALYZER_NONNULL = YES;
				CLANG_ANALYZER_NUMBER_OBJECT_CONVERSION = YES_AGGRESSIVE;
				CLANG_CXX_LANGUAGE_STANDARD = "gnu++14";
				CLANG_CXX_LIBRARY = "libc++";
				CLANG_ENABLE_MODULES = YES;
				CLANG_ENABLE_OBJC_ARC = YES;
				CLANG_ENABLE_OBJC_WEAK = YES;
				CLANG_WARN_BLOCK_CAPTURE_AUTORELEASING = YES;
				CLANG_WARN_BOOL_CONVERSION = YES;
				CLANG_WARN_COMMA = YES;
				CLANG_WARN_CONSTANT_CONVERSION = YES;
				CLANG_WARN_DEPRECATED_OBJC_IMPLEMENTATIONS = YES;
				CLANG_WARN_DIRECT_OBJC_ISA_USAGE = YES_ERROR;
				CLANG_WARN_DOCUMENTATION_COMMENTS = YES;
				CLANG_WARN_EMPTY_BODY = YES;
				CLANG_WARN_ENUM_CONVERSION = YES;
				CLANG_WARN_INFINITE_RECURSION = YES;
				CLANG_WARN_INT_CONVERSION = YES;
				CLANG_WARN_NON_LITERAL_NULL_CONVERSION = YES;
				CLANG_WARN_OBJC_IMPLICIT_RETAIN_SELF = YES;
				CLANG_WARN_OBJC_LITERAL_CONVERSION = YES;
				CLANG_WARN_OBJC_ROOT_CLASS = YES_ERROR;
				CLANG_WARN_RANGE_LOOP_ANALYSIS = YES;
				CLANG_WARN_STRICT_PROTOTYPES = YES;
				CLANG_WARN_SUSPICIOUS_MOVE = YES;
				CLANG_WARN_UNGUARDED_AVAILABILITY = YES_AGGRESSIVE;
				CLANG_WARN_UNREACHABLE_CODE = YES;
				CLANG_WARN__DUPLICATE_METHOD_MATCH = YES;
				CODE_SIGN_IDENTITY = "iPhone Developer";
				COPY_PHASE_STRIP = NO;
				DEBUG_INFORMATION_FORMAT = "dwarf-with-dsym";
				ENABLE_NS_ASSERTIONS = NO;
				ENABLE_STRICT_OBJC_MSGSEND = YES;
				GCC_C_LANGUAGE_STANDARD = gnu11;
				GCC_NO_COMMON_BLOCKS = YES;
				GCC_WARN_64_TO_32_BIT_CONVERSION = YES;
				GCC_WARN_ABOUT_RETURN_TYPE = YES_ERROR;
				GCC_WARN_UNDECLARED_SELECTOR = YES;
				GCC_WARN_UNINITIALIZED_AUTOS = YES_AGGRESSIVE;
				GCC_WARN_UNUSED_FUNCTION = YES;
				GCC_WARN_UNUSED_VARIABLE = YES;
				IPHONEOS_DEPLOYMENT_TARGET = 12.1;
				MTL_ENABLE_DEBUG_INFO = NO;
				MTL_FAST_MATH = YES;
				SDKROOT = iphoneos;
				VALIDATE_PRODUCT = YES;
			};
			name = Release;
		};
		8741B3DA227307F600C0D59E /* Debug */ = {
			isa = XCBuildConfiguration;
			buildSettings = {
				ASSETCATALOG_COMPILER_APPICON_NAME = AppIcon;
				CODE_SIGN_STYLE = Automatic;
				DEVELOPMENT_TEAM = 7X8JL97Z3E;
				INFOPLIST_FILE = WebViewDemo/Info.plist;
				IPHONEOS_DEPLOYMENT_TARGET = 8.0;
				LD_RUNPATH_SEARCH_PATHS = (
					"$(inherited)",
					"@executable_path/Frameworks",
				);
				PRODUCT_BUNDLE_IDENTIFIER = com.yitong.WebViewDemo;
				PRODUCT_NAME = "$(TARGET_NAME)";
				TARGETED_DEVICE_FAMILY = "1,2";
			};
			name = Debug;
		};
		8741B3DB227307F600C0D59E /* Release */ = {
			isa = XCBuildConfiguration;
			buildSettings = {
				ASSETCATALOG_COMPILER_APPICON_NAME = AppIcon;
				CODE_SIGN_STYLE = Automatic;
				DEVELOPMENT_TEAM = 7X8JL97Z3E;
				INFOPLIST_FILE = WebViewDemo/Info.plist;
				IPHONEOS_DEPLOYMENT_TARGET = 8.0;
				LD_RUNPATH_SEARCH_PATHS = (
					"$(inherited)",
					"@executable_path/Frameworks",
				);
				PRODUCT_BUNDLE_IDENTIFIER = com.yitong.WebViewDemo;
				PRODUCT_NAME = "$(TARGET_NAME)";
				TARGETED_DEVICE_FAMILY = "1,2";
			};
			name = Release;
		};
		8741B3DD227307F600C0D59E /* Debug */ = {
			isa = XCBuildConfiguration;
			buildSettings = {
				BUNDLE_LOADER = "$(TEST_HOST)";
				CODE_SIGN_STYLE = Automatic;
				DEVELOPMENT_TEAM = 7X8JL97Z3E;
				INFOPLIST_FILE = WebViewDemoTests/Info.plist;
				LD_RUNPATH_SEARCH_PATHS = (
					"$(inherited)",
					"@executable_path/Frameworks",
					"@loader_path/Frameworks",
				);
				PRODUCT_BUNDLE_IDENTIFIER = com.yitong.WebViewDemoTests;
				PRODUCT_NAME = "$(TARGET_NAME)";
				TARGETED_DEVICE_FAMILY = "1,2";
				TEST_HOST = "$(BUILT_PRODUCTS_DIR)/WebViewDemo.app/WebViewDemo";
			};
			name = Debug;
		};
		8741B3DE227307F600C0D59E /* Release */ = {
			isa = XCBuildConfiguration;
			buildSettings = {
				BUNDLE_LOADER = "$(TEST_HOST)";
				CODE_SIGN_STYLE = Automatic;
				DEVELOPMENT_TEAM = 7X8JL97Z3E;
				INFOPLIST_FILE = WebViewDemoTests/Info.plist;
				LD_RUNPATH_SEARCH_PATHS = (
					"$(inherited)",
					"@executable_path/Frameworks",
					"@loader_path/Frameworks",
				);
				PRODUCT_BUNDLE_IDENTIFIER = com.yitong.WebViewDemoTests;
				PRODUCT_NAME = "$(TARGET_NAME)";
				TARGETED_DEVICE_FAMILY = "1,2";
				TEST_HOST = "$(BUILT_PRODUCTS_DIR)/WebViewDemo.app/WebViewDemo";
			};
			name = Release;
		};
		8741B3E0227307F600C0D59E /* Debug */ = {
			isa = XCBuildConfiguration;
			buildSettings = {
				CODE_SIGN_STYLE = Automatic;
				DEVELOPMENT_TEAM = 7X8JL97Z3E;
				INFOPLIST_FILE = WebViewDemoUITests/Info.plist;
				LD_RUNPATH_SEARCH_PATHS = (
					"$(inherited)",
					"@executable_path/Frameworks",
					"@loader_path/Frameworks",
				);
				PRODUCT_BUNDLE_IDENTIFIER = com.yitong.WebViewDemoUITests;
				PRODUCT_NAME = "$(TARGET_NAME)";
				TARGETED_DEVICE_FAMILY = "1,2";
				TEST_TARGET_NAME = WebViewDemo;
			};
			name = Debug;
		};
		8741B3E1227307F600C0D59E /* Release */ = {
			isa = XCBuildConfiguration;
			buildSettings = {
				CODE_SIGN_STYLE = Automatic;
				DEVELOPMENT_TEAM = 7X8JL97Z3E;
				INFOPLIST_FILE = WebViewDemoUITests/Info.plist;
				LD_RUNPATH_SEARCH_PATHS = (
					"$(inherited)",
					"@executable_path/Frameworks",
					"@loader_path/Frameworks",
				);
				PRODUCT_BUNDLE_IDENTIFIER = com.yitong.WebViewDemoUITests;
				PRODUCT_NAME = "$(TARGET_NAME)";
				TARGETED_DEVICE_FAMILY = "1,2";
				TEST_TARGET_NAME = WebViewDemo;
			};
			name = Release;
		};
/* End XCBuildConfiguration section */

/* Begin XCConfigurationList section */
		8741B3A8227307F400C0D59E /* Build configuration list for PBXProject "WebViewDemo" */ = {
			isa = XCConfigurationList;
			buildConfigurations = (
				8741B3D7227307F600C0D59E /* Debug */,
				8741B3D8227307F600C0D59E /* Release */,
			);
			defaultConfigurationIsVisible = 0;
			defaultConfigurationName = Release;
		};
		8741B3D9227307F600C0D59E /* Build configuration list for PBXNativeTarget "WebViewDemo" */ = {
			isa = XCConfigurationList;
			buildConfigurations = (
				8741B3DA227307F600C0D59E /* Debug */,
				8741B3DB227307F600C0D59E /* Release */,
			);
			defaultConfigurationIsVisible = 0;
			defaultConfigurationName = Release;
		};
		8741B3DC227307F600C0D59E /* Build configuration list for PBXNativeTarget "WebViewDemoTests" */ = {
			isa = XCConfigurationList;
			buildConfigurations = (
				8741B3DD227307F600C0D59E /* Debug */,
				8741B3DE227307F600C0D59E /* Release */,
			);
			defaultConfigurationIsVisible = 0;
			defaultConfigurationName = Release;
		};
		8741B3DF227307F600C0D59E /* Build configuration list for PBXNativeTarget "WebViewDemoUITests" */ = {
			isa = XCConfigurationList;
			buildConfigurations = (
				8741B3E0227307F600C0D59E /* Debug */,
				8741B3E1227307F600C0D59E /* Release */,
			);
			defaultConfigurationIsVisible = 0;
			defaultConfigurationName = Release;
		};
/* End XCConfigurationList section */
	};
	rootObject = 8741B3A5227307F400C0D59E /* Project object */;
}
